// !$*UTF8*$!
{
	archiveVersion = 1;
	classes = {
	};
	objectVersion = 56;
	objects = {

/* Begin PBXBuildFile section */
		07D3A95429CB0C0100C1121B /* DailyScrum.swift in Sources */ = {isa = PBXBuildFile; fileRef = 07D3A95329CB0C0100C1121B /* DailyScrum.swift */; };
		07D3A95629CB0CDF00C1121B /* CardView.swift in Sources */ = {isa = PBXBuildFile; fileRef = 07D3A95529CB0CDF00C1121B /* CardView.swift */; };
		07D3B36729CB312700C1121B /* Assets.xcassets in Resources */ = {isa = PBXBuildFile; fileRef = 07D3B36629CB312700C1121B /* Assets.xcassets */; };
		07D3B36929CB31BC00C1121B /* TrailingIconLabelStyle.swift in Sources */ = {isa = PBXBuildFile; fileRef = 07D3B36829CB31BC00C1121B /* TrailingIconLabelStyle.swift */; };
		07DEE33429C9F1FC001EDF28 /* ScrumdingerApp.swift in Sources */ = {isa = PBXBuildFile; fileRef = 07DEE33329C9F1FC001EDF28 /* ScrumdingerApp.swift */; };
		07DEE33629C9F1FC001EDF28 /* MeetingView.swift in Sources */ = {isa = PBXBuildFile; fileRef = 07DEE33529C9F1FC001EDF28 /* MeetingView.swift */; };
		07DEE33B29C9F1FC001EDF28 /* Preview Assets.xcassets in Resources */ = {isa = PBXBuildFile; fileRef = 07DEE33A29C9F1FC001EDF28 /* Preview Assets.xcassets */; };
		07DEE34529C9F1FC001EDF28 /* ScrumdingerTests.swift in Sources */ = {isa = PBXBuildFile; fileRef = 07DEE34429C9F1FC001EDF28 /* ScrumdingerTests.swift */; };
		07DEE34F29C9F1FC001EDF28 /* ScrumdingerUITests.swift in Sources */ = {isa = PBXBuildFile; fileRef = 07DEE34E29C9F1FC001EDF28 /* ScrumdingerUITests.swift */; };
		07DEE35129C9F1FC001EDF28 /* ScrumdingerUITestsLaunchTests.swift in Sources */ = {isa = PBXBuildFile; fileRef = 07DEE35029C9F1FC001EDF28 /* ScrumdingerUITestsLaunchTests.swift */; };
		07DEE35F29C9F25F001EDF28 /* Theme.swift in Sources */ = {isa = PBXBuildFile; fileRef = 07DEE35E29C9F25E001EDF28 /* Theme.swift */; };
/* End PBXBuildFile section */

/* Begin PBXContainerItemProxy section */
		07DEE34129C9F1FC001EDF28 /* PBXContainerItemProxy */ = {
			isa = PBXContainerItemProxy;
			containerPortal = 07DEE32829C9F1FC001EDF28 /* Project object */;
			proxyType = 1;
			remoteGlobalIDString = 07DEE32F29C9F1FC001EDF28;
			remoteInfo = Scrumdinger;
		};
		07DEE34B29C9F1FC001EDF28 /* PBXContainerItemProxy */ = {
			isa = PBXContainerItemProxy;
			containerPortal = 07DEE32829C9F1FC001EDF28 /* Project object */;
			proxyType = 1;
			remoteGlobalIDString = 07DEE32F29C9F1FC001EDF28;
			remoteInfo = Scrumdinger;
		};
/* End PBXContainerItemProxy section */

/* Begin PBXFileReference section */
		07D3A95329CB0C0100C1121B /* DailyScrum.swift */ = {isa = PBXFileReference; lastKnownFileType = sourcecode.swift; path = DailyScrum.swift; sourceTree = "<group>"; };
		07D3A95529CB0CDF00C1121B /* CardView.swift */ = {isa = PBXFileReference; lastKnownFileType = sourcecode.swift; path = CardView.swift; sourceTree = "<group>"; };
		07D3B36629CB312700C1121B /* Assets.xcassets */ = {isa = PBXFileReference; lastKnownFileType = folder.assetcatalog; path = Assets.xcassets; sourceTree = "<group>"; };
		07D3B36829CB31BC00C1121B /* TrailingIconLabelStyle.swift */ = {isa = PBXFileReference; lastKnownFileType = sourcecode.swift; path = TrailingIconLabelStyle.swift; sourceTree = "<group>"; };
		07DEE33029C9F1FC001EDF28 /* Scrumdinger.app */ = {isa = PBXFileReference; explicitFileType = wrapper.application; includeInIndex = 0; path = Scrumdinger.app; sourceTree = BUILT_PRODUCTS_DIR; };
		07DEE33329C9F1FC001EDF28 /* ScrumdingerApp.swift */ = {isa = PBXFileReference; lastKnownFileType = sourcecode.swift; path = ScrumdingerApp.swift; sourceTree = "<group>"; };
		07DEE33529C9F1FC001EDF28 /* MeetingView.swift */ = {isa = PBXFileReference; lastKnownFileType = sourcecode.swift; path = MeetingView.swift; sourceTree = "<group>"; };
		07DEE33A29C9F1FC001EDF28 /* Preview Assets.xcassets */ = {isa = PBXFileReference; lastKnownFileType = folder.assetcatalog; path = "Preview Assets.xcassets"; sourceTree = "<group>"; };
		07DEE34029C9F1FC001EDF28 /* ScrumdingerTests.xctest */ = {isa = PBXFileReference; explicitFileType = wrapper.cfbundle; includeInIndex = 0; path = ScrumdingerTests.xctest; sourceTree = BUILT_PRODUCTS_DIR; };
		07DEE34429C9F1FC001EDF28 /* ScrumdingerTests.swift */ = {isa = PBXFileReference; lastKnownFileType = sourcecode.swift; path = ScrumdingerTests.swift; sourceTree = "<group>"; };
		07DEE34A29C9F1FC001EDF28 /* ScrumdingerUITests.xctest */ = {isa = PBXFileReference; explicitFileType = wrapper.cfbundle; includeInIndex = 0; path = ScrumdingerUITests.xctest; sourceTree = BUILT_PRODUCTS_DIR; };
		07DEE34E29C9F1FC001EDF28 /* ScrumdingerUITests.swift */ = {isa = PBXFileReference; lastKnownFileType = sourcecode.swift; path = ScrumdingerUITests.swift; sourceTree = "<group>"; };
		07DEE35029C9F1FC001EDF28 /* ScrumdingerUITestsLaunchTests.swift */ = {isa = PBXFileReference; lastKnownFileType = sourcecode.swift; path = ScrumdingerUITestsLaunchTests.swift; sourceTree = "<group>"; };
		07DEE35E29C9F25E001EDF28 /* Theme.swift */ = {isa = PBXFileReference; lastKnownFileType = sourcecode.swift; path = Theme.swift; sourceTree = "<group>"; };
/* End PBXFileReference section */

/* Begin PBXFrameworksBuildPhase section */
		07DEE32D29C9F1FC001EDF28 /* Frameworks */ = {
			isa = PBXFrameworksBuildPhase;
			buildActionMask = 2147483647;
			files = (
			);
			runOnlyForDeploymentPostprocessing = 0;
		};
		07DEE33D29C9F1FC001EDF28 /* Frameworks */ = {
			isa = PBXFrameworksBuildPhase;
			buildActionMask = 2147483647;
			files = (
			);
			runOnlyForDeploymentPostprocessing = 0;
		};
		07DEE34729C9F1FC001EDF28 /* Frameworks */ = {
			isa = PBXFrameworksBuildPhase;
			buildActionMask = 2147483647;
			files = (
			);
			runOnlyForDeploymentPostprocessing = 0;
		};
/* End PBXFrameworksBuildPhase section */

/* Begin PBXGroup section */
		07D3A95729CB0CE900C1121B /* Views */ = {
			isa = PBXGroup;
			children = (
				07D3A95529CB0CDF00C1121B /* CardView.swift */,
				07DEE33529C9F1FC001EDF28 /* MeetingView.swift */,
			);
			path = Views;
			sourceTree = "<group>";
		};
		07DEE32729C9F1FC001EDF28 = {
			isa = PBXGroup;
			children = (
				07DEE33229C9F1FC001EDF28 /* Scrumdinger */,
				07DEE34329C9F1FC001EDF28 /* ScrumdingerTests */,
				07DEE34D29C9F1FC001EDF28 /* ScrumdingerUITests */,
				07DEE33129C9F1FC001EDF28 /* Products */,
			);
			sourceTree = "<group>";
		};
		07DEE33129C9F1FC001EDF28 /* Products */ = {
			isa = PBXGroup;
			children = (
				07DEE33029C9F1FC001EDF28 /* Scrumdinger.app */,
				07DEE34029C9F1FC001EDF28 /* ScrumdingerTests.xctest */,
				07DEE34A29C9F1FC001EDF28 /* ScrumdingerUITests.xctest */,
			);
			name = Products;
			sourceTree = "<group>";
		};
		07DEE33229C9F1FC001EDF28 /* Scrumdinger */ = {
			isa = PBXGroup;
			children = (
				07D3B36629CB312700C1121B /* Assets.xcassets */,
				07D3A95729CB0CE900C1121B /* Views */,
				07DEE35D29C9F24D001EDF28 /* Models */,
				07DEE33329C9F1FC001EDF28 /* ScrumdingerApp.swift */,
				07DEE33929C9F1FC001EDF28 /* Preview Content */,
				07D3B36829CB31BC00C1121B /* TrailingIconLabelStyle.swift */,
			);
			path = Scrumdinger;
			sourceTree = "<group>";
		};
		07DEE33929C9F1FC001EDF28 /* Preview Content */ = {
			isa = PBXGroup;
			children = (
				07DEE33A29C9F1FC001EDF28 /* Preview Assets.xcassets */,
			);
			path = "Preview Content";
			sourceTree = "<group>";
		};
		07DEE34329C9F1FC001EDF28 /* ScrumdingerTests */ = {
			isa = PBXGroup;
			children = (
				07DEE34429C9F1FC001EDF28 /* ScrumdingerTests.swift */,
			);
			path = ScrumdingerTests;
			sourceTree = "<group>";
		};
		07DEE34D29C9F1FC001EDF28 /* ScrumdingerUITests */ = {
			isa = PBXGroup;
			children = (
				07DEE34E29C9F1FC001EDF28 /* ScrumdingerUITests.swift */,
				07DEE35029C9F1FC001EDF28 /* ScrumdingerUITestsLaunchTests.swift */,
			);
			path = ScrumdingerUITests;
			sourceTree = "<group>";
		};
		07DEE35D29C9F24D001EDF28 /* Models */ = {
			isa = PBXGroup;
			children = (
				07DEE35E29C9F25E001EDF28 /* Theme.swift */,
				07D3A95329CB0C0100C1121B /* DailyScrum.swift */,
			);
			path = Models;
			sourceTree = "<group>";
		};
/* End PBXGroup section */

/* Begin PBXNativeTarget section */
		07DEE32F29C9F1FC001EDF28 /* Scrumdinger */ = {
			isa = PBXNativeTarget;
			buildConfigurationList = 07DEE35429C9F1FC001EDF28 /* Build configuration list for PBXNativeTarget "Scrumdinger" */;
			buildPhases = (
				07DEE32C29C9F1FC001EDF28 /* Sources */,
				07DEE32D29C9F1FC001EDF28 /* Frameworks */,
				07DEE32E29C9F1FC001EDF28 /* Resources */,
			);
			buildRules = (
			);
			dependencies = (
			);
			name = Scrumdinger;
			productName = Scrumdinger;
			productReference = 07DEE33029C9F1FC001EDF28 /* Scrumdinger.app */;
			productType = "com.apple.product-type.application";
		};
		07DEE33F29C9F1FC001EDF28 /* ScrumdingerTests */ = {
			isa = PBXNativeTarget;
			buildConfigurationList = 07DEE35729C9F1FC001EDF28 /* Build configuration list for PBXNativeTarget "ScrumdingerTests" */;
			buildPhases = (
				07DEE33C29C9F1FC001EDF28 /* Sources */,
				07DEE33D29C9F1FC001EDF28 /* Frameworks */,
				07DEE33E29C9F1FC001EDF28 /* Resources */,
			);
			buildRules = (
			);
			dependencies = (
				07DEE34229C9F1FC001EDF28 /* PBXTargetDependency */,
			);
			name = ScrumdingerTests;
			productName = ScrumdingerTests;
			productReference = 07DEE34029C9F1FC001EDF28 /* ScrumdingerTests.xctest */;
			productType = "com.apple.product-type.bundle.unit-test";
		};
		07DEE34929C9F1FC001EDF28 /* ScrumdingerUITests */ = {
			isa = PBXNativeTarget;
			buildConfigurationList = 07DEE35A29C9F1FC001EDF28 /* Build configuration list for PBXNativeTarget "ScrumdingerUITests" */;
			buildPhases = (
				07DEE34629C9F1FC001EDF28 /* Sources */,
				07DEE34729C9F1FC001EDF28 /* Frameworks */,
				07DEE34829C9F1FC001EDF28 /* Resources */,
			);
			buildRules = (
			);
			dependencies = (
				07DEE34C29C9F1FC001EDF28 /* PBXTargetDependency */,
			);
			name = ScrumdingerUITests;
			productName = ScrumdingerUITests;
			productReference = 07DEE34A29C9F1FC001EDF28 /* ScrumdingerUITests.xctest */;
			productType = "com.apple.product-type.bundle.ui-testing";
		};
/* End PBXNativeTarget section */

/* Begin PBXProject section */
		07DEE32829C9F1FC001EDF28 /* Project object */ = {
			isa = PBXProject;
			attributes = {
				BuildIndependentTargetsInParallel = 1;
				LastSwiftUpdateCheck = 1420;
				LastUpgradeCheck = 1420;
				TargetAttributes = {
					07DEE32F29C9F1FC001EDF28 = {
						CreatedOnToolsVersion = 14.2;
					};
					07DEE33F29C9F1FC001EDF28 = {
						CreatedOnToolsVersion = 14.2;
						TestTargetID = 07DEE32F29C9F1FC001EDF28;
					};
					07DEE34929C9F1FC001EDF28 = {
						CreatedOnToolsVersion = 14.2;
						TestTargetID = 07DEE32F29C9F1FC001EDF28;
					};
				};
			};
			buildConfigurationList = 07DEE32B29C9F1FC001EDF28 /* Build configuration list for PBXProject "Scrumdinger" */;
			compatibilityVersion = "Xcode 14.0";
			developmentRegion = en;
			hasScannedForEncodings = 0;
			knownRegions = (
				en,
				Base,
			);
			mainGroup = 07DEE32729C9F1FC001EDF28;
			productRefGroup = 07DEE33129C9F1FC001EDF28 /* Products */;
			projectDirPath = "";
			projectRoot = "";
			targets = (
				07DEE32F29C9F1FC001EDF28 /* Scrumdinger */,
				07DEE33F29C9F1FC001EDF28 /* ScrumdingerTests */,
				07DEE34929C9F1FC001EDF28 /* ScrumdingerUITests */,
			);
		};
/* End PBXProject section */

/* Begin PBXResourcesBuildPhase section */
		07DEE32E29C9F1FC001EDF28 /* Resources */ = {
			isa = PBXResourcesBuildPhase;
			buildActionMask = 2147483647;
			files = (
				07D3B36729CB312700C1121B /* Assets.xcassets in Resources */,
				07DEE33B29C9F1FC001EDF28 /* Preview Assets.xcassets in Resources */,
			);
			runOnlyForDeploymentPostprocessing = 0;
		};
		07DEE33E29C9F1FC001EDF28 /* Resources */ = {
			isa = PBXResourcesBuildPhase;
			buildActionMask = 2147483647;
			files = (
			);
			runOnlyForDeploymentPostprocessing = 0;
		};
		07DEE34829C9F1FC001EDF28 /* Resources */ = {
			isa = PBXResourcesBuildPhase;
			buildActionMask = 2147483647;
			files = (
			);
			runOnlyForDeploymentPostprocessing = 0;
		};
/* End PBXResourcesBuildPhase section */

/* Begin PBXSourcesBuildPhase section */
		07DEE32C29C9F1FC001EDF28 /* Sources */ = {
			isa = PBXSourcesBuildPhase;
			buildActionMask = 2147483647;
			files = (
				07D3A95429CB0C0100C1121B /* DailyScrum.swift in Sources */,
				07D3B36929CB31BC00C1121B /* TrailingIconLabelStyle.swift in Sources */,
				07DEE35F29C9F25F001EDF28 /* Theme.swift in Sources */,
				07DEE33629C9F1FC001EDF28 /* MeetingView.swift in Sources */,
				07DEE33429C9F1FC001EDF28 /* ScrumdingerApp.swift in Sources */,
				07D3A95629CB0CDF00C1121B /* CardView.swift in Sources */,
			);
			runOnlyForDeploymentPostprocessing = 0;
		};
		07DEE33C29C9F1FC001EDF28 /* Sources */ = {
			isa = PBXSourcesBuildPhase;
			buildActionMask = 2147483647;
			files = (
				07DEE34529C9F1FC001EDF28 /* ScrumdingerTests.swift in Sources */,
			);
			runOnlyForDeploymentPostprocessing = 0;
		};
		07DEE34629C9F1FC001EDF28 /* Sources */ = {
			isa = PBXSourcesBuildPhase;
			buildActionMask = 2147483647;
			files = (
				07DEE35129C9F1FC001EDF28 /* ScrumdingerUITestsLaunchTests.swift in Sources */,
				07DEE34F29C9F1FC001EDF28 /* ScrumdingerUITests.swift in Sources */,
			);
			runOnlyForDeploymentPostprocessing = 0;
		};
/* End PBXSourcesBuildPhase section */

/* Begin PBXTargetDependency section */
		07DEE34229C9F1FC001EDF28 /* PBXTargetDependency */ = {
			isa = PBXTargetDependency;
			target = 07DEE32F29C9F1FC001EDF28 /* Scrumdinger */;
			targetProxy = 07DEE34129C9F1FC001EDF28 /* PBXContainerItemProxy */;
		};
		07DEE34C29C9F1FC001EDF28 /* PBXTargetDependency */ = {
			isa = PBXTargetDependency;
			target = 07DEE32F29C9F1FC001EDF28 /* Scrumdinger */;
			targetProxy = 07DEE34B29C9F1FC001EDF28 /* PBXContainerItemProxy */;
		};
/* End PBXTargetDependency section */

/* Begin XCBuildConfiguration section */
		07DEE35229C9F1FC001EDF28 /* Debug */ = {
			isa = XCBuildConfiguration;
			buildSettings = {
				ALWAYS_SEARCH_USER_PATHS = NO;
				CLANG_ANALYZER_NONNULL = YES;
				CLANG_ANALYZER_NUMBER_OBJECT_CONVERSION = YES_AGGRESSIVE;
				CLANG_CXX_LANGUAGE_STANDARD = "gnu++20";
				CLANG_ENABLE_MODULES = YES;
				CLANG_ENABLE_OBJC_ARC = YES;
				CLANG_ENABLE_OBJC_WEAK = YES;
				CLANG_WARN_BLOCK_CAPTURE_AUTORELEASING = YES;
				CLANG_WARN_BOOL_CONVERSION = YES;
				CLANG_WARN_COMMA = YES;
				CLANG_WARN_CONSTANT_CONVERSION = YES;
				CLANG_WARN_DEPRECATED_OBJC_IMPLEMENTATIONS = YES;
				CLANG_WARN_DIRECT_OBJC_ISA_USAGE = YES_ERROR;
				CLANG_WARN_DOCUMENTATION_COMMENTS = YES;
				CLANG_WARN_EMPTY_BODY = YES;
				CLANG_WARN_ENUM_CONVERSION = YES;
				CLANG_WARN_INFINITE_RECURSION = YES;
				CLANG_WARN_INT_CONVERSION = YES;
				CLANG_WARN_NON_LITERAL_NULL_CONVERSION = YES;
				CLANG_WARN_OBJC_IMPLICIT_RETAIN_SELF = YES;
				CLANG_WARN_OBJC_LITERAL_CONVERSION = YES;
				CLANG_WARN_OBJC_ROOT_CLASS = YES_ERROR;
				CLANG_WARN_QUOTED_INCLUDE_IN_FRAMEWORK_HEADER = YES;
				CLANG_WARN_RANGE_LOOP_ANALYSIS = YES;
				CLANG_WARN_STRICT_PROTOTYPES = YES;
				CLANG_WARN_SUSPICIOUS_MOVE = YES;
				CLANG_WARN_UNGUARDED_AVAILABILITY = YES_AGGRESSIVE;
				CLANG_WARN_UNREACHABLE_CODE = YES;
				CLANG_WARN__DUPLICATE_METHOD_MATCH = YES;
				COPY_PHASE_STRIP = NO;
				DEBUG_INFORMATION_FORMAT = dwarf;
				ENABLE_STRICT_OBJC_MSGSEND = YES;
				ENABLE_TESTABILITY = YES;
				GCC_C_LANGUAGE_STANDARD = gnu11;
				GCC_DYNAMIC_NO_PIC = NO;
				GCC_NO_COMMON_BLOCKS = YES;
				GCC_OPTIMIZATION_LEVEL = 0;
				GCC_PREPROCESSOR_DEFINITIONS = (
					"DEBUG=1",
					"$(inherited)",
				);
				GCC_WARN_64_TO_32_BIT_CONVERSION = YES;
				GCC_WARN_ABOUT_RETURN_TYPE = YES_ERROR;
				GCC_WARN_UNDECLARED_SELECTOR = YES;
				GCC_WARN_UNINITIALIZED_AUTOS = YES_AGGRESSIVE;
				GCC_WARN_UNUSED_FUNCTION = YES;
				GCC_WARN_UNUSED_VARIABLE = YES;
				IPHONEOS_DEPLOYMENT_TARGET = 16.2;
				MTL_ENABLE_DEBUG_INFO = INCLUDE_SOURCE;
				MTL_FAST_MATH = YES;
				ONLY_ACTIVE_ARCH = YES;
				SDKROOT = iphoneos;
				SWIFT_ACTIVE_COMPILATION_CONDITIONS = DEBUG;
				SWIFT_OPTIMIZATION_LEVEL = "-Onone";
			};
			name = Debug;
		};
		07DEE35329C9F1FC001EDF28 /* Release */ = {
			isa = XCBuildConfiguration;
			buildSettings = {
				ALWAYS_SEARCH_USER_PATHS = NO;
				CLANG_ANALYZER_NONNULL = YES;
				CLANG_ANALYZER_NUMBER_OBJECT_CONVERSION = YES_AGGRESSIVE;
				CLANG_CXX_LANGUAGE_STANDARD = "gnu++20";
				CLANG_ENABLE_MODULES = YES;
				CLANG_ENABLE_OBJC_ARC = YES;
				CLANG_ENABLE_OBJC_WEAK = YES;
				CLANG_WARN_BLOCK_CAPTURE_AUTORELEASING = YES;
				CLANG_WARN_BOOL_CONVERSION = YES;
				CLANG_WARN_COMMA = YES;
				CLANG_WARN_CONSTANT_CONVERSION = YES;
				CLANG_WARN_DEPRECATED_OBJC_IMPLEMENTATIONS = YES;
				CLANG_WARN_DIRECT_OBJC_ISA_USAGE = YES_ERROR;
				CLANG_WARN_DOCUMENTATION_COMMENTS = YES;
				CLANG_WARN_EMPTY_BODY = YES;
				CLANG_WARN_ENUM_CONVERSION = YES;
				CLANG_WARN_INFINITE_RECURSION = YES;
				CLANG_WARN_INT_CONVERSION = YES;
				CLANG_WARN_NON_LITERAL_NULL_CONVERSION = YES;
				CLANG_WARN_OBJC_IMPLICIT_RETAIN_SELF = YES;
				CLANG_WARN_OBJC_LITERAL_CONVERSION = YES;
				CLANG_WARN_OBJC_ROOT_CLASS = YES_ERROR;
				CLANG_WARN_QUOTED_INCLUDE_IN_FRAMEWORK_HEADER = YES;
				CLANG_WARN_RANGE_LOOP_ANALYSIS = YES;
				CLANG_WARN_STRICT_PROTOTYPES = YES;
				CLANG_WARN_SUSPICIOUS_MOVE = YES;
				CLANG_WARN_UNGUARDED_AVAILABILITY = YES_AGGRESSIVE;
				CLANG_WARN_UNREACHABLE_CODE = YES;
				CLANG_WARN__DUPLICATE_METHOD_MATCH = YES;
				COPY_PHASE_STRIP = NO;
				DEBUG_INFORMATION_FORMAT = "dwarf-with-dsym";
				ENABLE_NS_ASSERTIONS = NO;
				ENABLE_STRICT_OBJC_MSGSEND = YES;
				GCC_C_LANGUAGE_STANDARD = gnu11;
				GCC_NO_COMMON_BLOCKS = YES;
				GCC_WARN_64_TO_32_BIT_CONVERSION = YES;
				GCC_WARN_ABOUT_RETURN_TYPE = YES_ERROR;
				GCC_WARN_UNDECLARED_SELECTOR = YES;
				GCC_WARN_UNINITIALIZED_AUTOS = YES_AGGRESSIVE;
				GCC_WARN_UNUSED_FUNCTION = YES;
				GCC_WARN_UNUSED_VARIABLE = YES;
				IPHONEOS_DEPLOYMENT_TARGET = 16.2;
				MTL_ENABLE_DEBUG_INFO = NO;
				MTL_FAST_MATH = YES;
				SDKROOT = iphoneos;
				SWIFT_COMPILATION_MODE = wholemodule;
				SWIFT_OPTIMIZATION_LEVEL = "-O";
				VALIDATE_PRODUCT = YES;
			};
			name = Release;
		};
		07DEE35529C9F1FC001EDF28 /* Debug */ = {
			isa = XCBuildConfiguration;
			buildSettings = {
				ASSETCATALOG_COMPILER_APPICON_NAME = AppIcon;
				ASSETCATALOG_COMPILER_GLOBAL_ACCENT_COLOR_NAME = AccentColor;
				CODE_SIGN_STYLE = Automatic;
				CURRENT_PROJECT_VERSION = 1;
				DEVELOPMENT_ASSET_PATHS = "\"Scrumdinger/Preview Content\"";
				DEVELOPMENT_TEAM = C27862XL24;
				ENABLE_PREVIEWS = YES;
				GENERATE_INFOPLIST_FILE = YES;
				INFOPLIST_KEY_UIApplicationSceneManifest_Generation = YES;
				INFOPLIST_KEY_UIApplicationSupportsIndirectInputEvents = YES;
				INFOPLIST_KEY_UILaunchScreen_Generation = YES;
				INFOPLIST_KEY_UISupportedInterfaceOrientations_iPad = "UIInterfaceOrientationPortrait UIInterfaceOrientationPortraitUpsideDown UIInterfaceOrientationLandscapeLeft UIInterfaceOrientationLandscapeRight";
				INFOPLIST_KEY_UISupportedInterfaceOrientations_iPhone = "UIInterfaceOrientationPortrait UIInterfaceOrientationLandscapeLeft UIInterfaceOrientationLandscapeRight";
				LD_RUNPATH_SEARCH_PATHS = (
					"$(inherited)",
					"@executable_path/Frameworks",
				);
				MARKETING_VERSION = 1.0;
				PRODUCT_BUNDLE_IDENTIFIER = "com.christina-bel.Scrumdinger";
				PRODUCT_NAME = "$(TARGET_NAME)";
				SWIFT_EMIT_LOC_STRINGS = YES;
				SWIFT_VERSION = 5.0;
				TARGETED_DEVICE_FAMILY = "1,2";
			};
			name = Debug;
		};
		07DEE35629C9F1FC001EDF28 /* Release */ = {
			isa = XCBuildConfiguration;
			buildSettings = {
				ASSETCATALOG_COMPILER_APPICON_NAME = AppIcon;
				ASSETCATALOG_COMPILER_GLOBAL_ACCENT_COLOR_NAME = AccentColor;
				CODE_SIGN_STYLE = Automatic;
				CURRENT_PROJECT_VERSION = 1;
				DEVELOPMENT_ASSET_PATHS = "\"Scrumdinger/Preview Content\"";
				DEVELOPMENT_TEAM = C27862XL24;
				ENABLE_PREVIEWS = YES;
				GENERATE_INFOPLIST_FILE = YES;
				INFOPLIST_KEY_UIApplicationSceneManifest_Generation = YES;
				INFOPLIST_KEY_UIApplicationSupportsIndirectInputEvents = YES;
				INFOPLIST_KEY_UILaunchScreen_Generation = YES;
				INFOPLIST_KEY_UISupportedInterfaceOrientations_iPad = "UIInterfaceOrientationPortrait UIInterfaceOrientationPortraitUpsideDown UIInterfaceOrientationLandscapeLeft UIInterfaceOrientationLandscapeRight";
				INFOPLIST_KEY_UISupportedInterfaceOrientations_iPhone = "UIInterfaceOrientationPortrait UIInterfaceOrientationLandscapeLeft UIInterfaceOrientationLandscapeRight";
				LD_RUNPATH_SEARCH_PATHS = (
					"$(inherited)",
					"@executable_path/Frameworks",
				);
				MARKETING_VERSION = 1.0;
				PRODUCT_BUNDLE_IDENTIFIER = "com.christina-bel.Scrumdinger";
				PRODUCT_NAME = "$(TARGET_NAME)";
				SWIFT_EMIT_LOC_STRINGS = YES;
				SWIFT_VERSION = 5.0;
				TARGETED_DEVICE_FAMILY = "1,2";
			};
			name = Release;
		};
		07DEE35829C9F1FC001EDF28 /* Debug */ = {
			isa = XCBuildConfiguration;
			buildSettings = {
				ALWAYS_EMBED_SWIFT_STANDARD_LIBRARIES = YES;
				BUNDLE_LOADER = "$(TEST_HOST)";
				CODE_SIGN_STYLE = Automatic;
				CURRENT_PROJECT_VERSION = 1;
				DEVELOPMENT_TEAM = C27862XL24;
				GENERATE_INFOPLIST_FILE = YES;
				IPHONEOS_DEPLOYMENT_TARGET = 16.2;
				MARKETING_VERSION = 1.0;
				PRODUCT_BUNDLE_IDENTIFIER = "com.christina-bel.ScrumdingerTests";
				PRODUCT_NAME = "$(TARGET_NAME)";
				SWIFT_EMIT_LOC_STRINGS = NO;
				SWIFT_VERSION = 5.0;
				TARGETED_DEVICE_FAMILY = "1,2";
				TEST_HOST = "$(BUILT_PRODUCTS_DIR)/Scrumdinger.app/$(BUNDLE_EXECUTABLE_FOLDER_PATH)/Scrumdinger";
			};
			name = Debug;
		};
		07DEE35929C9F1FC001EDF28 /* Release */ = {
			isa = XCBuildConfiguration;
			buildSettings = {
				ALWAYS_EMBED_SWIFT_STANDARD_LIBRARIES = YES;
				BUNDLE_LOADER = "$(TEST_HOST)";
				CODE_SIGN_STYLE = Automatic;
				CURRENT_PROJECT_VERSION = 1;
				DEVELOPMENT_TEAM = C27862XL24;
				GENERATE_INFOPLIST_FILE = YES;
				IPHONEOS_DEPLOYMENT_TARGET = 16.2;
				MARKETING_VERSION = 1.0;
				PRODUCT_BUNDLE_IDENTIFIER = "com.christina-bel.ScrumdingerTests";
				PRODUCT_NAME = "$(TARGET_NAME)";
				SWIFT_EMIT_LOC_STRINGS = NO;
				SWIFT_VERSION = 5.0;
				TARGETED_DEVICE_FAMILY = "1,2";
				TEST_HOST = "$(BUILT_PRODUCTS_DIR)/Scrumdinger.app/$(BUNDLE_EXECUTABLE_FOLDER_PATH)/Scrumdinger";
			};
			name = Release;
		};
		07DEE35B29C9F1FC001EDF28 /* Debug */ = {
			isa = XCBuildConfiguration;
			buildSettings = {
				ALWAYS_EMBED_SWIFT_STANDARD_LIBRARIES = YES;
				CODE_SIGN_STYLE = Automatic;
				CURRENT_PROJECT_VERSION = 1;
				DEVELOPMENT_TEAM = C27862XL24;
				GENERATE_INFOPLIST_FILE = YES;
				MARKETING_VERSION = 1.0;
				PRODUCT_BUNDLE_IDENTIFIER = "com.christina-bel.ScrumdingerUITests";
				PRODUCT_NAME = "$(TARGET_NAME)";
				SWIFT_EMIT_LOC_STRINGS = NO;
				SWIFT_VERSION = 5.0;
				TARGETED_DEVICE_FAMILY = "1,2";
				TEST_TARGET_NAME = Scrumdinger;
			};
			name = Debug;
		};
		07DEE35C29C9F1FC001EDF28 /* Release */ = {
			isa = XCBuildConfiguration;
			buildSettings = {
				ALWAYS_EMBED_SWIFT_STANDARD_LIBRARIES = YES;
				CODE_SIGN_STYLE = Automatic;
				CURRENT_PROJECT_VERSION = 1;
				DEVELOPMENT_TEAM = C27862XL24;
				GENERATE_INFOPLIST_FILE = YES;
				MARKETING_VERSION = 1.0;
				PRODUCT_BUNDLE_IDENTIFIER = "com.christina-bel.ScrumdingerUITests";
				PRODUCT_NAME = "$(TARGET_NAME)";
				SWIFT_EMIT_LOC_STRINGS = NO;
				SWIFT_VERSION = 5.0;
				TARGETED_DEVICE_FAMILY = "1,2";
				TEST_TARGET_NAME = Scrumdinger;
			};
			name = Release;
		};
/* End XCBuildConfiguration section */

/* Begin XCConfigurationList section */
		07DEE32B29C9F1FC001EDF28 /* Build configuration list for PBXProject "Scrumdinger" */ = {
			isa = XCConfigurationList;
			buildConfigurations = (
				07DEE35229C9F1FC001EDF28 /* Debug */,
				07DEE35329C9F1FC001EDF28 /* Release */,
			);
			defaultConfigurationIsVisible = 0;
			defaultConfigurationName = Release;
		};
		07DEE35429C9F1FC001EDF28 /* Build configuration list for PBXNativeTarget "Scrumdinger" */ = {
			isa = XCConfigurationList;
			buildConfigurations = (
				07DEE35529C9F1FC001EDF28 /* Debug */,
				07DEE35629C9F1FC001EDF28 /* Release */,
			);
			defaultConfigurationIsVisible = 0;
			defaultConfigurationName = Release;
		};
		07DEE35729C9F1FC001EDF28 /* Build configuration list for PBXNativeTarget "ScrumdingerTests" */ = {
			isa = XCConfigurationList;
			buildConfigurations = (
				07DEE35829C9F1FC001EDF28 /* Debug */,
				07DEE35929C9F1FC001EDF28 /* Release */,
			);
			defaultConfigurationIsVisible = 0;
			defaultConfigurationName = Release;
		};
		07DEE35A29C9F1FC001EDF28 /* Build configuration list for PBXNativeTarget "ScrumdingerUITests" */ = {
			isa = XCConfigurationList;
			buildConfigurations = (
				07DEE35B29C9F1FC001EDF28 /* Debug */,
				07DEE35C29C9F1FC001EDF28 /* Release */,
			);
			defaultConfigurationIsVisible = 0;
			defaultConfigurationName = Release;
		};
/* End XCConfigurationList section */
	};
	rootObject = 07DEE32829C9F1FC001EDF28 /* Project object */;
}
